{
  "requires": true,
  "lockfileVersion": 1,
  "dependencies": {
    "actioncable": {
      "version": "5.2.6",
      "resolved": "https://registry.npmjs.org/actioncable/-/actioncable-5.2.6.tgz",
      "integrity": "sha512-ofLHm57nN24zghkl+tQe6IVrZeSJ655lNLQjNQJvtQkeTDqlF30McuMB4o9DqpxdHgW/w0RNWaAQHB6VPlleNQ=="
    }
  }
}
